
Microsoft Visual Studio Solution File, Format Version 12.00
# Visual Studio Version 17
VisualStudioVersion = 17.7.34024.191
MinimumVisualStudioVersion = 10.0.40219.1
Project("{FAE04EC0-301F-11D3-BF4B-00C04F79EFBC}") = "OHC.EAMI.Common", "OHC.EAMI.Common\OHC.EAMI.Common.csproj", "{EB529390-B76E-4A27-9C7C-CA0915C7CFB8}"
EndProject
Project("{FAE04EC0-301F-11D3-BF4B-00C04F79EFBC}") = "OHC.EAMI.Service", "OHC.EAMI.Service\OHC.EAMI.Service.csproj", "{15B3E0D2-6217-493A-A690-158C497F5318}"
EndProject
Project("{FAE04EC0-301F-11D3-BF4B-00C04F79EFBC}") = "OHC.EAMI.ServiceContract", "OHC.EAMI.ServiceContract\OHC.EAMI.ServiceContract.csproj", "{68818AEE-B85E-4192-8A5D-F408216B0D96}"
EndProject
Project("{FAE04EC0-301F-11D3-BF4B-00C04F79EFBC}") = "OHC.EAMI.Util", "OHC.EAMI.Util\OHC.EAMI.Util.csproj", "{0596207F-42DA-40B4-993D-5F86DC31A3AA}"
EndProject
Project("{FAE04EC0-301F-11D3-BF4B-00C04F79EFBC}") = "OHC.EAMI.DataAccess", "OHC.EAMI.DataAccess\OHC.EAMI.DataAccess.csproj", "{E90C7DF9-F1A9-460D-A6AA-331B404F90CA}"
EndProject
Project("{FAE04EC0-301F-11D3-BF4B-00C04F79EFBC}") = "OHC.EAMI.ServiceManager", "OHC.EAMI.ServiceManager\OHC.EAMI.ServiceManager.csproj", "{CD37FB6B-F6A3-472C-836E-6AF7305322FC}"
EndProject
Project("{FAE04EC0-301F-11D3-BF4B-00C04F79EFBC}") = "OHC.EAMI.ServiceHost", "OHC.EAMI.ServiceHost\OHC.EAMI.ServiceHost.csproj", "{ACC19CFB-3910-46C9-BF24-32BF2309706D}"
EndProject
Project("{FAE04EC0-301F-11D3-BF4B-00C04F79EFBC}") = "OHC.EAMI.WebUI", "OHC.EAMI.WebUI\OHC.EAMI.WebUI.csproj", "{D9C24497-4A7E-43BD-9F4B-E7FD6374401C}"
EndProject
Project("{FAE04EC0-301F-11D3-BF4B-00C04F79EFBC}") = "OHC.EAMI.SCO", "OHC.EAMI.SCO\OHC.EAMI.SCO.csproj", "{2B08BCEE-BE86-4391-A5AC-0323F313832F}"
EndProject
Project("{FAE04EC0-301F-11D3-BF4B-00C04F79EFBC}") = "OHC.EAMI.WebUIService", "OHC.EAMI.WebUIService\OHC.EAMI.WebUIService.csproj", "{FC53F9E6-4720-4EC3-8C11-EC9E63D357E7}"
EndProject
Project("{FAE04EC0-301F-11D3-BF4B-00C04F79EFBC}") = "OHC.EAMI.CommonEntity", "OHC.EAMI.CommonEntity\OHC.EAMI.CommonEntity.csproj", "{3815BF56-24D3-47D0-853D-368379B54E15}"
EndProject
Project("{FAE04EC0-301F-11D3-BF4B-00C04F79EFBC}") = "OHC.EAMI.WebUIServiceHost", "OHC.EAMI.WebUIServiceHost\OHC.EAMI.WebUIServiceHost.csproj", "{7FE2F917-5134-424E-A096-60DF569BAAA8}"
EndProject
Project("{FAE04EC0-301F-11D3-BF4B-00C04F79EFBC}") = "OHC.EAMI.WebUIServiceManager", "OHC.EAMI.WebUIServiceManager\OHC.EAMI.WebUIServiceManager.csproj", "{7D3870F0-FFC0-4ED2-8431-651972D25D7D}"
EndProject
Project("{FAE04EC0-301F-11D3-BF4B-00C04F79EFBC}") = "OHC.EAMI.FTSASTaskActions", "OHC.EAMI.FTSASTaskActions\OHC.EAMI.FTSASTaskActions.csproj", "{A4154C12-3FF1-4977-A6C4-C91396636237}"
EndProject
Project("{FAE04EC0-301F-11D3-BF4B-00C04F79EFBC}") = "OHC.EAMI.Database", "OHC.EAMI.Database\OHC.EAMI.Database.csproj", "{A123D63C-0ADC-453A-B1CA-788262DCE211}"
EndProject
Project("{FAE04EC0-301F-11D3-BF4B-00C04F79EFBC}") = "OHC.EAMI.FTSASTaskActions.Test", "UnitTest\OHC.EAMI.FTSASTaskActions.Test\OHC.EAMI.FTSASTaskActions.Test.csproj", "{EFC7D3BD-3F43-4BE3-86CC-D3552268669A}"
EndProject
Project("{9A19103F-16F7-4668-BE54-9A1E7A4F7556}") = "EAMI.WebAPI", "EAMI.WebAPI\EAMI.WebAPI.csproj", "{E57225F7-310B-4EED-9E9F-CE2A75DAC170}"
EndProject
Project("{9A19103F-16F7-4668-BE54-9A1E7A4F7556}") = "EAMI.Respository", "EAMI.Respository\EAMI.Respository.csproj", "{A21EF40F-5CCA-4B08-8D13-D709544D73B6}"
EndProject
Project("{9A19103F-16F7-4668-BE54-9A1E7A4F7556}") = "EAMI.RuleEngine", "EAMI.RuleEngine\EAMI.RuleEngine.csproj", "{7CD38B73-C757-4BC0-A111-B211D1AA2F60}"
EndProject
Project("{9A19103F-16F7-4668-BE54-9A1E7A4F7556}") = "EAMI.DataEngine", "EAMI.DataEngine\EAMI.DataEngine.csproj", "{C84875DA-3542-4700-80A0-5186D06CA002}"
EndProject
Project("{FAE04EC0-301F-11D3-BF4B-00C04F79EFBC}") = "EAMI.Common", "EAMI.Common\EAMI.Common.csproj", "{4A2EB94C-EF3C-45DB-B9FB-126E189132C4}"
EndProject
Project("{FAE04EC0-301F-11D3-BF4B-00C04F79EFBC}") = "EAMI.Util", "EAMI.Util\EAMI.Util.csproj", "{2BBEB8C0-E1E0-4C27-97AF-F5077FA5914F}"
EndProject
Project("{FAE04EC0-301F-11D3-BF4B-00C04F79EFBC}") = "EAMI.CommonEntity", "EAMI.CommonEntity\EAMI.CommonEntity.csproj", "{46DFFB01-5B3B-4850-8C33-46AE235C3CFE}"
EndProject
Project("{FAE04EC0-301F-11D3-BF4B-00C04F79EFBC}") = "EAMI.WebUI", "EAMI.WebUI\EAMI.WebUI.csproj", "{F4C0E1CA-F37D-403C-BD5A-A6581BF76092}"
EndProject
Global
	GlobalSection(SolutionConfigurationPlatforms) = preSolution
		Debug|Any CPU = Debug|Any CPU
		Development|Any CPU = Development|Any CPU
		Release|Any CPU = Release|Any CPU
	EndGlobalSection
	GlobalSection(ProjectConfigurationPlatforms) = postSolution
		{EB529390-B76E-4A27-9C7C-CA0915C7CFB8}.Debug|Any CPU.ActiveCfg = Debug|Any CPU
		{EB529390-B76E-4A27-9C7C-CA0915C7CFB8}.Debug|Any CPU.Build.0 = Debug|Any CPU
		{EB529390-B76E-4A27-9C7C-CA0915C7CFB8}.Development|Any CPU.ActiveCfg = Debug|Any CPU
		{EB529390-B76E-4A27-9C7C-CA0915C7CFB8}.Development|Any CPU.Build.0 = Debug|Any CPU
		{EB529390-B76E-4A27-9C7C-CA0915C7CFB8}.Release|Any CPU.ActiveCfg = Release|Any CPU
		{EB529390-B76E-4A27-9C7C-CA0915C7CFB8}.Release|Any CPU.Build.0 = Release|Any CPU
		{15B3E0D2-6217-493A-A690-158C497F5318}.Debug|Any CPU.ActiveCfg = Debug|Any CPU
		{15B3E0D2-6217-493A-A690-158C497F5318}.Debug|Any CPU.Build.0 = Debug|Any CPU
		{15B3E0D2-6217-493A-A690-158C497F5318}.Development|Any CPU.ActiveCfg = Debug|Any CPU
		{15B3E0D2-6217-493A-A690-158C497F5318}.Development|Any CPU.Build.0 = Debug|Any CPU
		{15B3E0D2-6217-493A-A690-158C497F5318}.Release|Any CPU.ActiveCfg = Release|Any CPU
		{15B3E0D2-6217-493A-A690-158C497F5318}.Release|Any CPU.Build.0 = Release|Any CPU
		{68818AEE-B85E-4192-8A5D-F408216B0D96}.Debug|Any CPU.ActiveCfg = Debug|Any CPU
		{68818AEE-B85E-4192-8A5D-F408216B0D96}.Debug|Any CPU.Build.0 = Debug|Any CPU
		{68818AEE-B85E-4192-8A5D-F408216B0D96}.Development|Any CPU.ActiveCfg = Debug|Any CPU
		{68818AEE-B85E-4192-8A5D-F408216B0D96}.Development|Any CPU.Build.0 = Debug|Any CPU
		{68818AEE-B85E-4192-8A5D-F408216B0D96}.Release|Any CPU.ActiveCfg = Release|Any CPU
		{68818AEE-B85E-4192-8A5D-F408216B0D96}.Release|Any CPU.Build.0 = Release|Any CPU
		{0596207F-42DA-40B4-993D-5F86DC31A3AA}.Debug|Any CPU.ActiveCfg = Debug|Any CPU
		{0596207F-42DA-40B4-993D-5F86DC31A3AA}.Debug|Any CPU.Build.0 = Debug|Any CPU
		{0596207F-42DA-40B4-993D-5F86DC31A3AA}.Development|Any CPU.ActiveCfg = Debug|Any CPU
		{0596207F-42DA-40B4-993D-5F86DC31A3AA}.Development|Any CPU.Build.0 = Debug|Any CPU
		{0596207F-42DA-40B4-993D-5F86DC31A3AA}.Release|Any CPU.ActiveCfg = Release|Any CPU
		{0596207F-42DA-40B4-993D-5F86DC31A3AA}.Release|Any CPU.Build.0 = Release|Any CPU
		{E90C7DF9-F1A9-460D-A6AA-331B404F90CA}.Debug|Any CPU.ActiveCfg = Debug|Any CPU
		{E90C7DF9-F1A9-460D-A6AA-331B404F90CA}.Debug|Any CPU.Build.0 = Debug|Any CPU
		{E90C7DF9-F1A9-460D-A6AA-331B404F90CA}.Development|Any CPU.ActiveCfg = Debug|Any CPU
		{E90C7DF9-F1A9-460D-A6AA-331B404F90CA}.Development|Any CPU.Build.0 = Debug|Any CPU
		{E90C7DF9-F1A9-460D-A6AA-331B404F90CA}.Release|Any CPU.ActiveCfg = Release|Any CPU
		{E90C7DF9-F1A9-460D-A6AA-331B404F90CA}.Release|Any CPU.Build.0 = Release|Any CPU
		{CD37FB6B-F6A3-472C-836E-6AF7305322FC}.Debug|Any CPU.ActiveCfg = Debug|Any CPU
		{CD37FB6B-F6A3-472C-836E-6AF7305322FC}.Debug|Any CPU.Build.0 = Debug|Any CPU
		{CD37FB6B-F6A3-472C-836E-6AF7305322FC}.Development|Any CPU.ActiveCfg = Debug|Any CPU
		{CD37FB6B-F6A3-472C-836E-6AF7305322FC}.Development|Any CPU.Build.0 = Debug|Any CPU
		{CD37FB6B-F6A3-472C-836E-6AF7305322FC}.Release|Any CPU.ActiveCfg = Release|Any CPU
		{CD37FB6B-F6A3-472C-836E-6AF7305322FC}.Release|Any CPU.Build.0 = Release|Any CPU
		{ACC19CFB-3910-46C9-BF24-32BF2309706D}.Debug|Any CPU.ActiveCfg = Debug|Any CPU
		{ACC19CFB-3910-46C9-BF24-32BF2309706D}.Debug|Any CPU.Build.0 = Debug|Any CPU
		{ACC19CFB-3910-46C9-BF24-32BF2309706D}.Development|Any CPU.ActiveCfg = Debug|Any CPU
		{ACC19CFB-3910-46C9-BF24-32BF2309706D}.Development|Any CPU.Build.0 = Debug|Any CPU
		{ACC19CFB-3910-46C9-BF24-32BF2309706D}.Release|Any CPU.ActiveCfg = Release|Any CPU
		{ACC19CFB-3910-46C9-BF24-32BF2309706D}.Release|Any CPU.Build.0 = Release|Any CPU
		{D9C24497-4A7E-43BD-9F4B-E7FD6374401C}.Debug|Any CPU.ActiveCfg = Debug|Any CPU
		{D9C24497-4A7E-43BD-9F4B-E7FD6374401C}.Debug|Any CPU.Build.0 = Debug|Any CPU
		{D9C24497-4A7E-43BD-9F4B-E7FD6374401C}.Development|Any CPU.ActiveCfg = Debug|Any CPU
		{D9C24497-4A7E-43BD-9F4B-E7FD6374401C}.Development|Any CPU.Build.0 = Debug|Any CPU
		{D9C24497-4A7E-43BD-9F4B-E7FD6374401C}.Release|Any CPU.ActiveCfg = Release|Any CPU
		{D9C24497-4A7E-43BD-9F4B-E7FD6374401C}.Release|Any CPU.Build.0 = Release|Any CPU
		{2B08BCEE-BE86-4391-A5AC-0323F313832F}.Debug|Any CPU.ActiveCfg = Debug|Any CPU
		{2B08BCEE-BE86-4391-A5AC-0323F313832F}.Debug|Any CPU.Build.0 = Debug|Any CPU
		{2B08BCEE-BE86-4391-A5AC-0323F313832F}.Development|Any CPU.ActiveCfg = Debug|Any CPU
		{2B08BCEE-BE86-4391-A5AC-0323F313832F}.Development|Any CPU.Build.0 = Debug|Any CPU
		{2B08BCEE-BE86-4391-A5AC-0323F313832F}.Release|Any CPU.ActiveCfg = Release|Any CPU
		{2B08BCEE-BE86-4391-A5AC-0323F313832F}.Release|Any CPU.Build.0 = Release|Any CPU
		{FC53F9E6-4720-4EC3-8C11-EC9E63D357E7}.Debug|Any CPU.ActiveCfg = Debug|Any CPU
		{FC53F9E6-4720-4EC3-8C11-EC9E63D357E7}.Debug|Any CPU.Build.0 = Debug|Any CPU
		{FC53F9E6-4720-4EC3-8C11-EC9E63D357E7}.Development|Any CPU.ActiveCfg = Debug|Any CPU
		{FC53F9E6-4720-4EC3-8C11-EC9E63D357E7}.Development|Any CPU.Build.0 = Debug|Any CPU
		{FC53F9E6-4720-4EC3-8C11-EC9E63D357E7}.Release|Any CPU.ActiveCfg = Release|Any CPU
		{FC53F9E6-4720-4EC3-8C11-EC9E63D357E7}.Release|Any CPU.Build.0 = Release|Any CPU
		{3815BF56-24D3-47D0-853D-368379B54E15}.Debug|Any CPU.ActiveCfg = Debug|Any CPU
		{3815BF56-24D3-47D0-853D-368379B54E15}.Debug|Any CPU.Build.0 = Debug|Any CPU
		{3815BF56-24D3-47D0-853D-368379B54E15}.Development|Any CPU.ActiveCfg = Debug|Any CPU
		{3815BF56-24D3-47D0-853D-368379B54E15}.Development|Any CPU.Build.0 = Debug|Any CPU
		{3815BF56-24D3-47D0-853D-368379B54E15}.Release|Any CPU.ActiveCfg = Release|Any CPU
		{3815BF56-24D3-47D0-853D-368379B54E15}.Release|Any CPU.Build.0 = Release|Any CPU
		{7FE2F917-5134-424E-A096-60DF569BAAA8}.Debug|Any CPU.ActiveCfg = Debug|Any CPU
		{7FE2F917-5134-424E-A096-60DF569BAAA8}.Debug|Any CPU.Build.0 = Debug|Any CPU
		{7FE2F917-5134-424E-A096-60DF569BAAA8}.Development|Any CPU.ActiveCfg = Debug|Any CPU
		{7FE2F917-5134-424E-A096-60DF569BAAA8}.Development|Any CPU.Build.0 = Debug|Any CPU
		{7FE2F917-5134-424E-A096-60DF569BAAA8}.Release|Any CPU.ActiveCfg = Release|Any CPU
		{7FE2F917-5134-424E-A096-60DF569BAAA8}.Release|Any CPU.Build.0 = Release|Any CPU
		{7D3870F0-FFC0-4ED2-8431-651972D25D7D}.Debug|Any CPU.ActiveCfg = Debug|Any CPU
		{7D3870F0-FFC0-4ED2-8431-651972D25D7D}.Debug|Any CPU.Build.0 = Debug|Any CPU
		{7D3870F0-FFC0-4ED2-8431-651972D25D7D}.Development|Any CPU.ActiveCfg = Debug|Any CPU
		{7D3870F0-FFC0-4ED2-8431-651972D25D7D}.Development|Any CPU.Build.0 = Debug|Any CPU
		{7D3870F0-FFC0-4ED2-8431-651972D25D7D}.Release|Any CPU.ActiveCfg = Release|Any CPU
		{7D3870F0-FFC0-4ED2-8431-651972D25D7D}.Release|Any CPU.Build.0 = Release|Any CPU
		{A4154C12-3FF1-4977-A6C4-C91396636237}.Debug|Any CPU.ActiveCfg = Debug|Any CPU
		{A4154C12-3FF1-4977-A6C4-C91396636237}.Debug|Any CPU.Build.0 = Debug|Any CPU
		{A4154C12-3FF1-4977-A6C4-C91396636237}.Development|Any CPU.ActiveCfg = Debug|Any CPU
		{A4154C12-3FF1-4977-A6C4-C91396636237}.Development|Any CPU.Build.0 = Debug|Any CPU
		{A4154C12-3FF1-4977-A6C4-C91396636237}.Release|Any CPU.ActiveCfg = Release|Any CPU
		{A4154C12-3FF1-4977-A6C4-C91396636237}.Release|Any CPU.Build.0 = Release|Any CPU
		{A123D63C-0ADC-453A-B1CA-788262DCE211}.Debug|Any CPU.ActiveCfg = Debug|Any CPU
		{A123D63C-0ADC-453A-B1CA-788262DCE211}.Debug|Any CPU.Build.0 = Debug|Any CPU
		{A123D63C-0ADC-453A-B1CA-788262DCE211}.Development|Any CPU.ActiveCfg = Debug|Any CPU
		{A123D63C-0ADC-453A-B1CA-788262DCE211}.Development|Any CPU.Build.0 = Debug|Any CPU
		{A123D63C-0ADC-453A-B1CA-788262DCE211}.Release|Any CPU.ActiveCfg = Release|Any CPU
		{A123D63C-0ADC-453A-B1CA-788262DCE211}.Release|Any CPU.Build.0 = Release|Any CPU
		{EFC7D3BD-3F43-4BE3-86CC-D3552268669A}.Debug|Any CPU.ActiveCfg = Debug|Any CPU
		{EFC7D3BD-3F43-4BE3-86CC-D3552268669A}.Debug|Any CPU.Build.0 = Debug|Any CPU
		{EFC7D3BD-3F43-4BE3-86CC-D3552268669A}.Development|Any CPU.ActiveCfg = Debug|Any CPU
		{EFC7D3BD-3F43-4BE3-86CC-D3552268669A}.Development|Any CPU.Build.0 = Debug|Any CPU
		{EFC7D3BD-3F43-4BE3-86CC-D3552268669A}.Release|Any CPU.ActiveCfg = Release|Any CPU
		{EFC7D3BD-3F43-4BE3-86CC-D3552268669A}.Release|Any CPU.Build.0 = Release|Any CPU
		{E57225F7-310B-4EED-9E9F-CE2A75DAC170}.Debug|Any CPU.ActiveCfg = Debug|Any CPU
		{E57225F7-310B-4EED-9E9F-CE2A75DAC170}.Debug|Any CPU.Build.0 = Debug|Any CPU
		{E57225F7-310B-4EED-9E9F-CE2A75DAC170}.Development|Any CPU.ActiveCfg = Debug|Any CPU
		{E57225F7-310B-4EED-9E9F-CE2A75DAC170}.Development|Any CPU.Build.0 = Debug|Any CPU
		{E57225F7-310B-4EED-9E9F-CE2A75DAC170}.Release|Any CPU.ActiveCfg = Release|Any CPU
		{E57225F7-310B-4EED-9E9F-CE2A75DAC170}.Release|Any CPU.Build.0 = Release|Any CPU
		{A21EF40F-5CCA-4B08-8D13-D709544D73B6}.Debug|Any CPU.ActiveCfg = Debug|Any CPU
		{A21EF40F-5CCA-4B08-8D13-D709544D73B6}.Debug|Any CPU.Build.0 = Debug|Any CPU
		{A21EF40F-5CCA-4B08-8D13-D709544D73B6}.Development|Any CPU.ActiveCfg = Debug|Any CPU
		{A21EF40F-5CCA-4B08-8D13-D709544D73B6}.Development|Any CPU.Build.0 = Debug|Any CPU
		{A21EF40F-5CCA-4B08-8D13-D709544D73B6}.Release|Any CPU.ActiveCfg = Release|Any CPU
		{A21EF40F-5CCA-4B08-8D13-D709544D73B6}.Release|Any CPU.Build.0 = Release|Any CPU
		{7CD38B73-C757-4BC0-A111-B211D1AA2F60}.Debug|Any CPU.ActiveCfg = Debug|Any CPU
		{7CD38B73-C757-4BC0-A111-B211D1AA2F60}.Debug|Any CPU.Build.0 = Debug|Any CPU
		{7CD38B73-C757-4BC0-A111-B211D1AA2F60}.Development|Any CPU.ActiveCfg = Debug|Any CPU
		{7CD38B73-C757-4BC0-A111-B211D1AA2F60}.Development|Any CPU.Build.0 = Debug|Any CPU
		{7CD38B73-C757-4BC0-A111-B211D1AA2F60}.Release|Any CPU.ActiveCfg = Release|Any CPU
		{7CD38B73-C757-4BC0-A111-B211D1AA2F60}.Release|Any CPU.Build.0 = Release|Any CPU
		{C84875DA-3542-4700-80A0-5186D06CA002}.Debug|Any CPU.ActiveCfg = Debug|Any CPU
		{C84875DA-3542-4700-80A0-5186D06CA002}.Debug|Any CPU.Build.0 = Debug|Any CPU
		{C84875DA-3542-4700-80A0-5186D06CA002}.Development|Any CPU.ActiveCfg = Debug|Any CPU
		{C84875DA-3542-4700-80A0-5186D06CA002}.Development|Any CPU.Build.0 = Debug|Any CPU
		{C84875DA-3542-4700-80A0-5186D06CA002}.Release|Any CPU.ActiveCfg = Release|Any CPU
		{C84875DA-3542-4700-80A0-5186D06CA002}.Release|Any CPU.Build.0 = Release|Any CPU
		{4A2EB94C-EF3C-45DB-B9FB-126E189132C4}.Debug|Any CPU.ActiveCfg = Debug|Any CPU
		{4A2EB94C-EF3C-45DB-B9FB-126E189132C4}.Debug|Any CPU.Build.0 = Debug|Any CPU
		{4A2EB94C-EF3C-45DB-B9FB-126E189132C4}.Development|Any CPU.ActiveCfg = Debug|Any CPU
		{4A2EB94C-EF3C-45DB-B9FB-126E189132C4}.Development|Any CPU.Build.0 = Debug|Any CPU
		{4A2EB94C-EF3C-45DB-B9FB-126E189132C4}.Release|Any CPU.ActiveCfg = Release|Any CPU
		{4A2EB94C-EF3C-45DB-B9FB-126E189132C4}.Release|Any CPU.Build.0 = Release|Any CPU
		{2BBEB8C0-E1E0-4C27-97AF-F5077FA5914F}.Debug|Any CPU.ActiveCfg = Debug|Any CPU
		{2BBEB8C0-E1E0-4C27-97AF-F5077FA5914F}.Debug|Any CPU.Build.0 = Debug|Any CPU
		{2BBEB8C0-E1E0-4C27-97AF-F5077FA5914F}.Development|Any CPU.ActiveCfg = Debug|Any CPU
		{2BBEB8C0-E1E0-4C27-97AF-F5077FA5914F}.Development|Any CPU.Build.0 = Debug|Any CPU
		{2BBEB8C0-E1E0-4C27-97AF-F5077FA5914F}.Release|Any CPU.ActiveCfg = Release|Any CPU
		{2BBEB8C0-E1E0-4C27-97AF-F5077FA5914F}.Release|Any CPU.Build.0 = Release|Any CPU
		{46DFFB01-5B3B-4850-8C33-46AE235C3CFE}.Debug|Any CPU.ActiveCfg = Debug|Any CPU
		{46DFFB01-5B3B-4850-8C33-46AE235C3CFE}.Debug|Any CPU.Build.0 = Debug|Any CPU
		{46DFFB01-5B3B-4850-8C33-46AE235C3CFE}.Development|Any CPU.ActiveCfg = Debug|Any CPU
		{46DFFB01-5B3B-4850-8C33-46AE235C3CFE}.Development|Any CPU.Build.0 = Debug|Any CPU
		{46DFFB01-5B3B-4850-8C33-46AE235C3CFE}.Release|Any CPU.ActiveCfg = Release|Any CPU
		{46DFFB01-5B3B-4850-8C33-46AE235C3CFE}.Release|Any CPU.Build.0 = Release|Any CPU
		{F4C0E1CA-F37D-403C-BD5A-A6581BF76092}.Debug|Any CPU.ActiveCfg = Debug|Any CPU
		{F4C0E1CA-F37D-403C-BD5A-A6581BF76092}.Debug|Any CPU.Build.0 = Debug|Any CPU
		{F4C0E1CA-F37D-403C-BD5A-A6581BF76092}.Development|Any CPU.ActiveCfg = Debug|Any CPU
		{F4C0E1CA-F37D-403C-BD5A-A6581BF76092}.Development|Any CPU.Build.0 = Debug|Any CPU
		{F4C0E1CA-F37D-403C-BD5A-A6581BF76092}.Release|Any CPU.ActiveCfg = Release|Any CPU
		{F4C0E1CA-F37D-403C-BD5A-A6581BF76092}.Release|Any CPU.Build.0 = Release|Any CPU
	EndGlobalSection
	GlobalSection(SolutionProperties) = preSolution
		HideSolutionNode = FALSE
	EndGlobalSection
	GlobalSection(ExtensibilityGlobals) = postSolution
		SolutionGuid = {BC0CF6DA-6CA7-4F95-8DD5-1EB0D4C5A069}
	EndGlobalSection
EndGlobal
